// !$*UTF8*$!
{
	archiveVersion = 1;
	classes = {
	};
	objectVersion = 51;
	objects = {

/* Begin PBXBuildFile section */
		096BEA3D22B15F14A0B2CC33 /* Pods_AnyWeather.framework in Frameworks */ = {isa = PBXBuildFile; fileRef = 339D1786FF6FF9E604212D38 /* Pods_AnyWeather.framework */; };
		1C30C3AA248CE27B0059FD00 /* ListTableViewCell.swift in Sources */ = {isa = PBXBuildFile; fileRef = 1C30C3A9248CE27B0059FD00 /* ListTableViewCell.swift */; };
		1C30C3AC248CEA390059FD00 /* ListTailTableViewCell.swift in Sources */ = {isa = PBXBuildFile; fileRef = 1C30C3AB248CEA390059FD00 /* ListTailTableViewCell.swift */; };
		1C30C3AE248CF9F20059FD00 /* NSAttributeString+Extensions.swift in Sources */ = {isa = PBXBuildFile; fileRef = 1C30C3AD248CF9F20059FD00 /* NSAttributeString+Extensions.swift */; };
		1C59310A248903C800C4EF34 /* CGFloat+Double+Extensions.swift in Sources */ = {isa = PBXBuildFile; fileRef = 1C593109248903C800C4EF34 /* CGFloat+Double+Extensions.swift */; };
		1C593110248904E900C4EF34 /* CommonValues.swift in Sources */ = {isa = PBXBuildFile; fileRef = 1C59310F248904E900C4EF34 /* CommonValues.swift */; };
		1C5931142489063D00C4EF34 /* UIColor+Extensions.swift in Sources */ = {isa = PBXBuildFile; fileRef = 1C5931132489063D00C4EF34 /* UIColor+Extensions.swift */; };
		1C5931162489076A00C4EF34 /* UIFont+Extensions.swift in Sources */ = {isa = PBXBuildFile; fileRef = 1C5931152489076A00C4EF34 /* UIFont+Extensions.swift */; };
		1C59311A248909DB00C4EF34 /* UIStackView+Extensions.swift in Sources */ = {isa = PBXBuildFile; fileRef = 1C593119248909DB00C4EF34 /* UIStackView+Extensions.swift */; };
		1C59311E24890B8C00C4EF34 /* BaseViewController.swift in Sources */ = {isa = PBXBuildFile; fileRef = 1C59311D24890B8C00C4EF34 /* BaseViewController.swift */; };
		1C59312B24893E7A00C4EF34 /* UIScrollView+Extensions.swift in Sources */ = {isa = PBXBuildFile; fileRef = 1C59312A24893E7A00C4EF34 /* UIScrollView+Extensions.swift */; };
		1C593132248B1B7B00C4EF34 /* UILabel+Extensions.swift in Sources */ = {isa = PBXBuildFile; fileRef = 1C593131248B1B7B00C4EF34 /* UILabel+Extensions.swift */; };
		1C903E1F248CB86800ECD50A /* Date+Extensions.swift in Sources */ = {isa = PBXBuildFile; fileRef = 1C903E1E248CB86800ECD50A /* Date+Extensions.swift */; };
		1C903E21248CD09300ECD50A /* CustomImageView.swift in Sources */ = {isa = PBXBuildFile; fileRef = 1C903E20248CD09300ECD50A /* CustomImageView.swift */; };
		1C903E23248CE05B00ECD50A /* ListViewController.swift in Sources */ = {isa = PBXBuildFile; fileRef = 1C903E22248CE05B00ECD50A /* ListViewController.swift */; };
		1CC6CDDD249097FB00BCE2C1 /* MockModel.swift in Sources */ = {isa = PBXBuildFile; fileRef = 1CC6CDDC249097FB00BCE2C1 /* MockModel.swift */; };
		1CC6CDE12490984D00BCE2C1 /* MockURLSession.swift in Sources */ = {isa = PBXBuildFile; fileRef = 1CC6CDE02490984D00BCE2C1 /* MockURLSession.swift */; };
		1CC6CDE42490AEDD00BCE2C1 /* CoreWeather.xcdatamodeld in Sources */ = {isa = PBXBuildFile; fileRef = 314A5B76248E01320090845A /* CoreWeather.xcdatamodeld */; };
		1CC6CDE82490AF2600BCE2C1 /* CoreDataTests.swift in Sources */ = {isa = PBXBuildFile; fileRef = 1CC6CDE72490AF2600BCE2C1 /* CoreDataTests.swift */; };
		1CC7F673248C8F8B00F83CB2 /* LocationManager.swift in Sources */ = {isa = PBXBuildFile; fileRef = 1CC7F672248C8F8B00F83CB2 /* LocationManager.swift */; };
		1CC7F675248CA7BF00F83CB2 /* Main.Model.Weather.swift in Sources */ = {isa = PBXBuildFile; fileRef = 1CC7F674248CA7BF00F83CB2 /* Main.Model.Weather.swift */; };
		1CF117342490711A00439C72 /* APIManagerTests.swift in Sources */ = {isa = PBXBuildFile; fileRef = 1CF117332490711A00439C72 /* APIManagerTests.swift */; };
		1CF76CD3248B21820021B42D /* FooterView.swift in Sources */ = {isa = PBXBuildFile; fileRef = 1CF76CD2248B21820021B42D /* FooterView.swift */; };
		1CF76CD5248B2E840021B42D /* TempPagerControl.swift in Sources */ = {isa = PBXBuildFile; fileRef = 1CF76CD4248B2E840021B42D /* TempPagerControl.swift */; };
		1CF76CDC248B4C620021B42D /* WeatherViewModel.swift in Sources */ = {isa = PBXBuildFile; fileRef = 1CF76CDB248B4C620021B42D /* WeatherViewModel.swift */; };
		1CF76D28248BB9B80021B42D /* HourlyWeatherCell.swift in Sources */ = {isa = PBXBuildFile; fileRef = 1CF76D27248BB9B80021B42D /* HourlyWeatherCell.swift */; };
		1CF76D2A248BBA9A0021B42D /* MainFullView.swift in Sources */ = {isa = PBXBuildFile; fileRef = 1CF76D29248BBA9A0021B42D /* MainFullView.swift */; };
		1CF76D2C248BBCD20021B42D /* MainViewController.swift in Sources */ = {isa = PBXBuildFile; fileRef = 1CF76D2B248BBCD20021B42D /* MainViewController.swift */; };
		1CF76D2E248BC13F0021B42D /* DailyWeatherCell.swift in Sources */ = {isa = PBXBuildFile; fileRef = 1CF76D2D248BC13F0021B42D /* DailyWeatherCell.swift */; };
		1CF76D30248BC5EC0021B42D /* TodaySummaryView.swift in Sources */ = {isa = PBXBuildFile; fileRef = 1CF76D2F248BC5EC0021B42D /* TodaySummaryView.swift */; };
		1CF76D32248BC7C40021B42D /* TodayDetailCell.swift in Sources */ = {isa = PBXBuildFile; fileRef = 1CF76D31248BC7C40021B42D /* TodayDetailCell.swift */; };
		313A367E24889633008DCF68 /* AppDelegate.swift in Sources */ = {isa = PBXBuildFile; fileRef = 313A367D24889633008DCF68 /* AppDelegate.swift */; };
		313A368024889633008DCF68 /* SceneDelegate.swift in Sources */ = {isa = PBXBuildFile; fileRef = 313A367F24889633008DCF68 /* SceneDelegate.swift */; };
		313A368724889636008DCF68 /* Assets.xcassets in Resources */ = {isa = PBXBuildFile; fileRef = 313A368624889636008DCF68 /* Assets.xcassets */; };
		313A368A24889636008DCF68 /* LaunchScreen.storyboard in Resources */ = {isa = PBXBuildFile; fileRef = 313A368824889636008DCF68 /* LaunchScreen.storyboard */; };
		313A36B624889A63008DCF68 /* APIManager.swift in Sources */ = {isa = PBXBuildFile; fileRef = 313A36B524889A63008DCF68 /* APIManager.swift */; };
		313A36BA2488B08C008DCF68 /* String+Extensions.swift in Sources */ = {isa = PBXBuildFile; fileRef = 313A36B92488B08C008DCF68 /* String+Extensions.swift */; };
		313A36BE2488B928008DCF68 /* Log.swift in Sources */ = {isa = PBXBuildFile; fileRef = 313A36BD2488B928008DCF68 /* Log.swift */; };
		313A36C32488C9B0008DCF68 /* MainTempView.swift in Sources */ = {isa = PBXBuildFile; fileRef = 313A36C22488C9B0008DCF68 /* MainTempView.swift */; };
		313A36C62488CA22008DCF68 /* CustomTempView.swift in Sources */ = {isa = PBXBuildFile; fileRef = 313A36C52488CA22008DCF68 /* CustomTempView.swift */; };
		313A36CB2488CF5D008DCF68 /* UIView+Extensions.swift in Sources */ = {isa = PBXBuildFile; fileRef = 313A36CA2488CF5D008DCF68 /* UIView+Extensions.swift */; };
		314A5B78248E01320090845A /* CoreWeather.xcdatamodeld in Sources */ = {isa = PBXBuildFile; fileRef = 314A5B76248E01320090845A /* CoreWeather.xcdatamodeld */; };
		314A5B7F248E03400090845A /* CoreDataTempManager.swift in Sources */ = {isa = PBXBuildFile; fileRef = 314A5B7E248E03400090845A /* CoreDataTempManager.swift */; };
		314A5B82248E17FA0090845A /* SearchViewController.swift in Sources */ = {isa = PBXBuildFile; fileRef = 314A5B81248E17FA0090845A /* SearchViewController.swift */; };
		314A5B84248E1C620090845A /* UIApplication+Extensions.swift in Sources */ = {isa = PBXBuildFile; fileRef = 314A5B83248E1C620090845A /* UIApplication+Extensions.swift */; };
		BB1691D77D3B36DD9D1044A0 /* Pods_AnyWeather_AnyWeatherUITests.framework in Frameworks */ = {isa = PBXBuildFile; fileRef = A5AFDF6759D9FF2CE79FC53C /* Pods_AnyWeather_AnyWeatherUITests.framework */; };
		CA59229424FDDB3B00790B66 /* ViewProtocol.swift in Sources */ = {isa = PBXBuildFile; fileRef = CA59229324FDDB3B00790B66 /* ViewProtocol.swift */; };
		CA59229924FDEED500790B66 /* -----날씨 메인----- in Resources */ = {isa = PBXBuildFile; fileRef = CA59229824FDEED500790B66 /* -----날씨 메인----- */; };
		CA5922A024FDF1E000790B66 /* -----날씨 리스트----- in Resources */ = {isa = PBXBuildFile; fileRef = CA59229F24FDF1E000790B66 /* -----날씨 리스트----- */; };
		CA5922A224FDF1EB00790B66 /* -----날씨 검색----- in Resources */ = {isa = PBXBuildFile; fileRef = CA5922A124FDF1EB00790B66 /* -----날씨 검색----- */; };
		CA5922A524FDF26300790B66 /* Namespace.swift in Sources */ = {isa = PBXBuildFile; fileRef = CA5922A424FDF26300790B66 /* Namespace.swift */; };
		CA5922A724FDF29F00790B66 /* PayWeather.swift in Sources */ = {isa = PBXBuildFile; fileRef = CA5922A624FDF29F00790B66 /* PayWeather.swift */; };
		CA5922AB24FDF39F00790B66 /* HTTPClient+Pay.swift in Sources */ = {isa = PBXBuildFile; fileRef = CA5922AA24FDF39F00790B66 /* HTTPClient+Pay.swift */; };
		CA5922AD24FE0A1D00790B66 /* HTTPClient+Log.swift in Sources */ = {isa = PBXBuildFile; fileRef = CA5922AC24FE0A1D00790B66 /* HTTPClient+Log.swift */; };
		CA5922AF24FE0E4500790B66 /* HTTPClient+Error.swift in Sources */ = {isa = PBXBuildFile; fileRef = CA5922AE24FE0E4500790B66 /* HTTPClient+Error.swift */; };
		CA5922B224FE127300790B66 /* Main.swift in Sources */ = {isa = PBXBuildFile; fileRef = CA5922B124FE127300790B66 /* Main.swift */; };
		CA5922B924FE141500790B66 /* Main.API.swift in Sources */ = {isa = PBXBuildFile; fileRef = CA5922B824FE141500790B66 /* Main.API.swift */; };
		CA5922BB24FE14F100790B66 /* HTTPClient+Session.swift in Sources */ = {isa = PBXBuildFile; fileRef = CA5922BA24FE14F100790B66 /* HTTPClient+Session.swift */; };
		CA5922BD24FE17E300790B66 /* HTTPClient+Url.swift in Sources */ = {isa = PBXBuildFile; fileRef = CA5922BC24FE17E300790B66 /* HTTPClient+Url.swift */; };
		CA5922C024FE193700790B66 /* MainWeatherViewController.swift in Sources */ = {isa = PBXBuildFile; fileRef = CA5922BF24FE193700790B66 /* MainWeatherViewController.swift */; };
		CA5922C224FE197400790B66 /* MainWeather.storyboard in Resources */ = {isa = PBXBuildFile; fileRef = CA5922C124FE197400790B66 /* MainWeather.storyboard */; };
		CA5922CA24FE263500790B66 /* CustomPagerControl.xib in Resources */ = {isa = PBXBuildFile; fileRef = CA5922C924FE263400790B66 /* CustomPagerControl.xib */; };
		CA5922CC24FE274100790B66 /* CustomPageControl.swift in Sources */ = {isa = PBXBuildFile; fileRef = CA5922CB24FE274100790B66 /* CustomPageControl.swift */; };
		CA5922CE24FE509100790B66 /* MainWeatherFullView.swift in Sources */ = {isa = PBXBuildFile; fileRef = CA5922CD24FE509100790B66 /* MainWeatherFullView.swift */; };
		CA5922D024FE50B000790B66 /* MainWeatherFullView.xib in Resources */ = {isa = PBXBuildFile; fileRef = CA5922CF24FE50B000790B66 /* MainWeatherFullView.xib */; };
		CA5922D424FF404000790B66 /* MainNowWeatherView.swift in Sources */ = {isa = PBXBuildFile; fileRef = CA5922D324FF404000790B66 /* MainNowWeatherView.swift */; };
		CA5922D624FF418E00790B66 /* MainNowWeatherView.xib in Resources */ = {isa = PBXBuildFile; fileRef = CA5922D524FF418E00790B66 /* MainNowWeatherView.xib */; };
		CA5922D824FF484C00790B66 /* Main.Model.Sizes.swift in Sources */ = {isa = PBXBuildFile; fileRef = CA5922D724FF484C00790B66 /* Main.Model.Sizes.swift */; };
		CA5922DA24FF652B00790B66 /* MainHourlyWeatherView.xib in Resources */ = {isa = PBXBuildFile; fileRef = CA5922D924FF652B00790B66 /* MainHourlyWeatherView.xib */; };
		CA5922DC24FF653600790B66 /* MainHourlyWeatherView.swift in Sources */ = {isa = PBXBuildFile; fileRef = CA5922DB24FF653600790B66 /* MainHourlyWeatherView.swift */; };
		CA5922DE24FF69BB00790B66 /* MainDailyWeatherView.xib in Resources */ = {isa = PBXBuildFile; fileRef = CA5922DD24FF69BB00790B66 /* MainDailyWeatherView.xib */; };
		CA5922E024FF69DB00790B66 /* MainDailyWeatherView.swift in Sources */ = {isa = PBXBuildFile; fileRef = CA5922DF24FF69DB00790B66 /* MainDailyWeatherView.swift */; };
		CA5922E224FF6BB800790B66 /* MainDetailWeatherView.xib in Resources */ = {isa = PBXBuildFile; fileRef = CA5922E124FF6BB800790B66 /* MainDetailWeatherView.xib */; };
		CA5922E424FF6BC600790B66 /* MainDetailWeatherView.swift in Sources */ = {isa = PBXBuildFile; fileRef = CA5922E324FF6BC600790B66 /* MainDetailWeatherView.swift */; };
		CA5922E624FF7EAC00790B66 /* Main.Model.Detail.swift in Sources */ = {isa = PBXBuildFile; fileRef = CA5922E524FF7EAC00790B66 /* Main.Model.Detail.swift */; };
		CA5922E924FF864A00790B66 /* LocationClient.swift in Sources */ = {isa = PBXBuildFile; fileRef = CA5922E824FF864A00790B66 /* LocationClient.swift */; };
		CA5922EC24FF8DB000790B66 /* CLLocation+Permission.swift in Sources */ = {isa = PBXBuildFile; fileRef = CA5922EB24FF8DB000790B66 /* CLLocation+Permission.swift */; };
		CA5922EE24FF8ED200790B66 /* Main.Action.swift in Sources */ = {isa = PBXBuildFile; fileRef = CA5922ED24FF8ED200790B66 /* Main.Action.swift */; };
		CA5922F12500804F00790B66 /* CoreDataManager.swift in Sources */ = {isa = PBXBuildFile; fileRef = CA5922F02500804F00790B66 /* CoreDataManager.swift */; };
		CA5922F32500AA7E00790B66 /* CoreDataManager+WeatherModel.swift in Sources */ = {isa = PBXBuildFile; fileRef = CA5922F22500AA7E00790B66 /* CoreDataManager+WeatherModel.swift */; };
		CA5922F62500B0F600790B66 /* CoreWeather+CoreDataProperties.swift in Sources */ = {isa = PBXBuildFile; fileRef = CA5922F52500B0F600790B66 /* CoreWeather+CoreDataProperties.swift */; };
		CA5922F72500B0F600790B66 /* CoreWeather+CoreDataClass.swift in Sources */ = {isa = PBXBuildFile; fileRef = CA5922F42500B0F600790B66 /* CoreWeather+CoreDataClass.swift */; };
		D8881B834054F9DC0190E3B4 /* Pods_AnyWeatherTests.framework in Frameworks */ = {isa = PBXBuildFile; fileRef = 5ECFE3668801F62DD5D6B4E0 /* Pods_AnyWeatherTests.framework */; };
/* End PBXBuildFile section */

/* Begin PBXContainerItemProxy section */
		313A369124889636008DCF68 /* PBXContainerItemProxy */ = {
			isa = PBXContainerItemProxy;
			containerPortal = 313A367224889633008DCF68 /* Project object */;
			proxyType = 1;
			remoteGlobalIDString = 313A367924889633008DCF68;
			remoteInfo = AnyWeather;
		};
		313A369C24889636008DCF68 /* PBXContainerItemProxy */ = {
			isa = PBXContainerItemProxy;
			containerPortal = 313A367224889633008DCF68 /* Project object */;
			proxyType = 1;
			remoteGlobalIDString = 313A367924889633008DCF68;
			remoteInfo = AnyWeather;
		};
/* End PBXContainerItemProxy section */

/* Begin PBXFileReference section */
		1C30C3A9248CE27B0059FD00 /* ListTableViewCell.swift */ = {isa = PBXFileReference; lastKnownFileType = sourcecode.swift; path = ListTableViewCell.swift; sourceTree = "<group>"; };
		1C30C3AB248CEA390059FD00 /* ListTailTableViewCell.swift */ = {isa = PBXFileReference; lastKnownFileType = sourcecode.swift; path = ListTailTableViewCell.swift; sourceTree = "<group>"; };
		1C30C3AD248CF9F20059FD00 /* NSAttributeString+Extensions.swift */ = {isa = PBXFileReference; lastKnownFileType = sourcecode.swift; path = "NSAttributeString+Extensions.swift"; sourceTree = "<group>"; };
		1C593109248903C800C4EF34 /* CGFloat+Double+Extensions.swift */ = {isa = PBXFileReference; lastKnownFileType = sourcecode.swift; path = "CGFloat+Double+Extensions.swift"; sourceTree = "<group>"; };
		1C59310F248904E900C4EF34 /* CommonValues.swift */ = {isa = PBXFileReference; lastKnownFileType = sourcecode.swift; path = CommonValues.swift; sourceTree = "<group>"; };
		1C5931132489063D00C4EF34 /* UIColor+Extensions.swift */ = {isa = PBXFileReference; lastKnownFileType = sourcecode.swift; path = "UIColor+Extensions.swift"; sourceTree = "<group>"; };
		1C5931152489076A00C4EF34 /* UIFont+Extensions.swift */ = {isa = PBXFileReference; lastKnownFileType = sourcecode.swift; path = "UIFont+Extensions.swift"; sourceTree = "<group>"; };
		1C593119248909DB00C4EF34 /* UIStackView+Extensions.swift */ = {isa = PBXFileReference; lastKnownFileType = sourcecode.swift; path = "UIStackView+Extensions.swift"; sourceTree = "<group>"; };
		1C59311D24890B8C00C4EF34 /* BaseViewController.swift */ = {isa = PBXFileReference; lastKnownFileType = sourcecode.swift; path = BaseViewController.swift; sourceTree = "<group>"; };
		1C59312A24893E7A00C4EF34 /* UIScrollView+Extensions.swift */ = {isa = PBXFileReference; lastKnownFileType = sourcecode.swift; path = "UIScrollView+Extensions.swift"; sourceTree = "<group>"; };
		1C593131248B1B7B00C4EF34 /* UILabel+Extensions.swift */ = {isa = PBXFileReference; lastKnownFileType = sourcecode.swift; path = "UILabel+Extensions.swift"; sourceTree = "<group>"; };
		1C903E1E248CB86800ECD50A /* Date+Extensions.swift */ = {isa = PBXFileReference; lastKnownFileType = sourcecode.swift; path = "Date+Extensions.swift"; sourceTree = "<group>"; };
		1C903E20248CD09300ECD50A /* CustomImageView.swift */ = {isa = PBXFileReference; lastKnownFileType = sourcecode.swift; path = CustomImageView.swift; sourceTree = "<group>"; };
		1C903E22248CE05B00ECD50A /* ListViewController.swift */ = {isa = PBXFileReference; lastKnownFileType = sourcecode.swift; path = ListViewController.swift; sourceTree = "<group>"; };
		1CC6CDDC249097FB00BCE2C1 /* MockModel.swift */ = {isa = PBXFileReference; lastKnownFileType = sourcecode.swift; path = MockModel.swift; sourceTree = "<group>"; };
		1CC6CDE02490984D00BCE2C1 /* MockURLSession.swift */ = {isa = PBXFileReference; lastKnownFileType = sourcecode.swift; path = MockURLSession.swift; sourceTree = "<group>"; };
		1CC6CDE72490AF2600BCE2C1 /* CoreDataTests.swift */ = {isa = PBXFileReference; lastKnownFileType = sourcecode.swift; path = CoreDataTests.swift; sourceTree = "<group>"; };
		1CC7F672248C8F8B00F83CB2 /* LocationManager.swift */ = {isa = PBXFileReference; lastKnownFileType = sourcecode.swift; path = LocationManager.swift; sourceTree = "<group>"; };
		1CC7F674248CA7BF00F83CB2 /* Main.Model.Weather.swift */ = {isa = PBXFileReference; lastKnownFileType = sourcecode.swift; path = Main.Model.Weather.swift; sourceTree = "<group>"; };
		1CF117332490711A00439C72 /* APIManagerTests.swift */ = {isa = PBXFileReference; lastKnownFileType = sourcecode.swift; path = APIManagerTests.swift; sourceTree = "<group>"; };
		1CF76CD2248B21820021B42D /* FooterView.swift */ = {isa = PBXFileReference; lastKnownFileType = sourcecode.swift; path = FooterView.swift; sourceTree = "<group>"; };
		1CF76CD4248B2E840021B42D /* TempPagerControl.swift */ = {isa = PBXFileReference; lastKnownFileType = sourcecode.swift; path = TempPagerControl.swift; sourceTree = "<group>"; };
		1CF76CDB248B4C620021B42D /* WeatherViewModel.swift */ = {isa = PBXFileReference; lastKnownFileType = sourcecode.swift; name = WeatherViewModel.swift; path = AnyWeather/ViewModels/WeatherViewModel.swift; sourceTree = SOURCE_ROOT; };
		1CF76D27248BB9B80021B42D /* HourlyWeatherCell.swift */ = {isa = PBXFileReference; lastKnownFileType = sourcecode.swift; path = HourlyWeatherCell.swift; sourceTree = "<group>"; };
		1CF76D29248BBA9A0021B42D /* MainFullView.swift */ = {isa = PBXFileReference; lastKnownFileType = sourcecode.swift; path = MainFullView.swift; sourceTree = "<group>"; };
		1CF76D2B248BBCD20021B42D /* MainViewController.swift */ = {isa = PBXFileReference; lastKnownFileType = sourcecode.swift; path = MainViewController.swift; sourceTree = "<group>"; };
		1CF76D2D248BC13F0021B42D /* DailyWeatherCell.swift */ = {isa = PBXFileReference; lastKnownFileType = sourcecode.swift; path = DailyWeatherCell.swift; sourceTree = "<group>"; };
		1CF76D2F248BC5EC0021B42D /* TodaySummaryView.swift */ = {isa = PBXFileReference; lastKnownFileType = sourcecode.swift; path = TodaySummaryView.swift; sourceTree = "<group>"; };
		1CF76D31248BC7C40021B42D /* TodayDetailCell.swift */ = {isa = PBXFileReference; lastKnownFileType = sourcecode.swift; path = TodayDetailCell.swift; sourceTree = "<group>"; };
		313A367A24889633008DCF68 /* AnyWeather.app */ = {isa = PBXFileReference; explicitFileType = wrapper.application; includeInIndex = 0; path = AnyWeather.app; sourceTree = BUILT_PRODUCTS_DIR; };
		313A367D24889633008DCF68 /* AppDelegate.swift */ = {isa = PBXFileReference; lastKnownFileType = sourcecode.swift; path = AppDelegate.swift; sourceTree = "<group>"; };
		313A367F24889633008DCF68 /* SceneDelegate.swift */ = {isa = PBXFileReference; lastKnownFileType = sourcecode.swift; path = SceneDelegate.swift; sourceTree = "<group>"; };
		313A368624889636008DCF68 /* Assets.xcassets */ = {isa = PBXFileReference; lastKnownFileType = folder.assetcatalog; path = Assets.xcassets; sourceTree = "<group>"; };
		313A368924889636008DCF68 /* Base */ = {isa = PBXFileReference; lastKnownFileType = file.storyboard; name = Base; path = Base.lproj/LaunchScreen.storyboard; sourceTree = "<group>"; };
		313A368B24889636008DCF68 /* Info.plist */ = {isa = PBXFileReference; lastKnownFileType = text.plist.xml; path = Info.plist; sourceTree = "<group>"; };
		313A369024889636008DCF68 /* AnyWeatherTests.xctest */ = {isa = PBXFileReference; explicitFileType = wrapper.cfbundle; includeInIndex = 0; path = AnyWeatherTests.xctest; sourceTree = BUILT_PRODUCTS_DIR; };
		313A369624889636008DCF68 /* Info.plist */ = {isa = PBXFileReference; lastKnownFileType = text.plist.xml; path = Info.plist; sourceTree = "<group>"; };
		313A369B24889636008DCF68 /* AnyWeatherUITests.xctest */ = {isa = PBXFileReference; explicitFileType = wrapper.cfbundle; includeInIndex = 0; path = AnyWeatherUITests.xctest; sourceTree = BUILT_PRODUCTS_DIR; };
		313A36B524889A63008DCF68 /* APIManager.swift */ = {isa = PBXFileReference; lastKnownFileType = sourcecode.swift; path = APIManager.swift; sourceTree = "<group>"; };
		313A36B92488B08C008DCF68 /* String+Extensions.swift */ = {isa = PBXFileReference; lastKnownFileType = sourcecode.swift; path = "String+Extensions.swift"; sourceTree = "<group>"; };
		313A36BD2488B928008DCF68 /* Log.swift */ = {isa = PBXFileReference; lastKnownFileType = sourcecode.swift; path = Log.swift; sourceTree = "<group>"; };
		313A36C22488C9B0008DCF68 /* MainTempView.swift */ = {isa = PBXFileReference; lastKnownFileType = sourcecode.swift; path = MainTempView.swift; sourceTree = "<group>"; };
		313A36C52488CA22008DCF68 /* CustomTempView.swift */ = {isa = PBXFileReference; lastKnownFileType = sourcecode.swift; path = CustomTempView.swift; sourceTree = "<group>"; };
		313A36CA2488CF5D008DCF68 /* UIView+Extensions.swift */ = {isa = PBXFileReference; lastKnownFileType = sourcecode.swift; path = "UIView+Extensions.swift"; sourceTree = "<group>"; };
		314A5B77248E01320090845A /* Weather.xcdatamodel */ = {isa = PBXFileReference; lastKnownFileType = wrapper.xcdatamodel; path = Weather.xcdatamodel; sourceTree = "<group>"; };
		314A5B7E248E03400090845A /* CoreDataTempManager.swift */ = {isa = PBXFileReference; lastKnownFileType = sourcecode.swift; path = CoreDataTempManager.swift; sourceTree = "<group>"; };
		314A5B81248E17FA0090845A /* SearchViewController.swift */ = {isa = PBXFileReference; lastKnownFileType = sourcecode.swift; path = SearchViewController.swift; sourceTree = "<group>"; };
		314A5B83248E1C620090845A /* UIApplication+Extensions.swift */ = {isa = PBXFileReference; lastKnownFileType = sourcecode.swift; path = "UIApplication+Extensions.swift"; sourceTree = "<group>"; };
		339D1786FF6FF9E604212D38 /* Pods_AnyWeather.framework */ = {isa = PBXFileReference; explicitFileType = wrapper.framework; includeInIndex = 0; path = Pods_AnyWeather.framework; sourceTree = BUILT_PRODUCTS_DIR; };
		5ECFE3668801F62DD5D6B4E0 /* Pods_AnyWeatherTests.framework */ = {isa = PBXFileReference; explicitFileType = wrapper.framework; includeInIndex = 0; path = Pods_AnyWeatherTests.framework; sourceTree = BUILT_PRODUCTS_DIR; };
		651515E61AF3ECB4CA8AC82E /* Pods-AnyWeather.release.xcconfig */ = {isa = PBXFileReference; includeInIndex = 1; lastKnownFileType = text.xcconfig; name = "Pods-AnyWeather.release.xcconfig"; path = "Target Support Files/Pods-AnyWeather/Pods-AnyWeather.release.xcconfig"; sourceTree = "<group>"; };
		7FCC73FEF65869E92CA56021 /* Pods-AnyWeather.debug.xcconfig */ = {isa = PBXFileReference; includeInIndex = 1; lastKnownFileType = text.xcconfig; name = "Pods-AnyWeather.debug.xcconfig"; path = "Target Support Files/Pods-AnyWeather/Pods-AnyWeather.debug.xcconfig"; sourceTree = "<group>"; };
		A5AFDF6759D9FF2CE79FC53C /* Pods_AnyWeather_AnyWeatherUITests.framework */ = {isa = PBXFileReference; explicitFileType = wrapper.framework; includeInIndex = 0; path = Pods_AnyWeather_AnyWeatherUITests.framework; sourceTree = BUILT_PRODUCTS_DIR; };
		BE5FAA68847E016F5A7F9787 /* Pods-AnyWeather-AnyWeatherUITests.release.xcconfig */ = {isa = PBXFileReference; includeInIndex = 1; lastKnownFileType = text.xcconfig; name = "Pods-AnyWeather-AnyWeatherUITests.release.xcconfig"; path = "Target Support Files/Pods-AnyWeather-AnyWeatherUITests/Pods-AnyWeather-AnyWeatherUITests.release.xcconfig"; sourceTree = "<group>"; };
		CA59229324FDDB3B00790B66 /* ViewProtocol.swift */ = {isa = PBXFileReference; fileEncoding = 4; lastKnownFileType = sourcecode.swift; path = ViewProtocol.swift; sourceTree = "<group>"; };
		CA59229824FDEED500790B66 /* -----날씨 메인----- */ = {isa = PBXFileReference; lastKnownFileType = text; path = "-----날씨 메인-----"; sourceTree = "<group>"; };
		CA59229F24FDF1E000790B66 /* -----날씨 리스트----- */ = {isa = PBXFileReference; lastKnownFileType = text; path = "-----날씨 리스트-----"; sourceTree = "<group>"; };
		CA5922A124FDF1EB00790B66 /* -----날씨 검색----- */ = {isa = PBXFileReference; lastKnownFileType = text; path = "-----날씨 검색-----"; sourceTree = "<group>"; };
		CA5922A424FDF26300790B66 /* Namespace.swift */ = {isa = PBXFileReference; lastKnownFileType = sourcecode.swift; path = Namespace.swift; sourceTree = "<group>"; };
		CA5922A624FDF29F00790B66 /* PayWeather.swift */ = {isa = PBXFileReference; lastKnownFileType = sourcecode.swift; path = PayWeather.swift; sourceTree = "<group>"; };
		CA5922AA24FDF39F00790B66 /* HTTPClient+Pay.swift */ = {isa = PBXFileReference; lastKnownFileType = sourcecode.swift; path = "HTTPClient+Pay.swift"; sourceTree = "<group>"; };
		CA5922AC24FE0A1D00790B66 /* HTTPClient+Log.swift */ = {isa = PBXFileReference; lastKnownFileType = sourcecode.swift; path = "HTTPClient+Log.swift"; sourceTree = "<group>"; };
		CA5922AE24FE0E4500790B66 /* HTTPClient+Error.swift */ = {isa = PBXFileReference; lastKnownFileType = sourcecode.swift; path = "HTTPClient+Error.swift"; sourceTree = "<group>"; };
		CA5922B124FE127300790B66 /* Main.swift */ = {isa = PBXFileReference; lastKnownFileType = sourcecode.swift; path = Main.swift; sourceTree = "<group>"; };
		CA5922B824FE141500790B66 /* Main.API.swift */ = {isa = PBXFileReference; lastKnownFileType = sourcecode.swift; path = Main.API.swift; sourceTree = "<group>"; };
		CA5922BA24FE14F100790B66 /* HTTPClient+Session.swift */ = {isa = PBXFileReference; lastKnownFileType = sourcecode.swift; path = "HTTPClient+Session.swift"; sourceTree = "<group>"; };
		CA5922BC24FE17E300790B66 /* HTTPClient+Url.swift */ = {isa = PBXFileReference; lastKnownFileType = sourcecode.swift; path = "HTTPClient+Url.swift"; sourceTree = "<group>"; };
		CA5922BF24FE193700790B66 /* MainWeatherViewController.swift */ = {isa = PBXFileReference; lastKnownFileType = sourcecode.swift; path = MainWeatherViewController.swift; sourceTree = "<group>"; };
		CA5922C124FE197400790B66 /* MainWeather.storyboard */ = {isa = PBXFileReference; lastKnownFileType = file.storyboard; path = MainWeather.storyboard; sourceTree = "<group>"; };
		CA5922C924FE263400790B66 /* CustomPagerControl.xib */ = {isa = PBXFileReference; lastKnownFileType = file.xib; path = CustomPagerControl.xib; sourceTree = "<group>"; };
		CA5922CB24FE274100790B66 /* CustomPageControl.swift */ = {isa = PBXFileReference; lastKnownFileType = sourcecode.swift; path = CustomPageControl.swift; sourceTree = "<group>"; };
		CA5922CD24FE509100790B66 /* MainWeatherFullView.swift */ = {isa = PBXFileReference; lastKnownFileType = sourcecode.swift; path = MainWeatherFullView.swift; sourceTree = "<group>"; };
		CA5922CF24FE50B000790B66 /* MainWeatherFullView.xib */ = {isa = PBXFileReference; lastKnownFileType = file.xib; path = MainWeatherFullView.xib; sourceTree = "<group>"; };
		CA5922D324FF404000790B66 /* MainNowWeatherView.swift */ = {isa = PBXFileReference; lastKnownFileType = sourcecode.swift; path = MainNowWeatherView.swift; sourceTree = "<group>"; };
		CA5922D524FF418E00790B66 /* MainNowWeatherView.xib */ = {isa = PBXFileReference; lastKnownFileType = file.xib; path = MainNowWeatherView.xib; sourceTree = "<group>"; };
		CA5922D724FF484C00790B66 /* Main.Model.Sizes.swift */ = {isa = PBXFileReference; lastKnownFileType = sourcecode.swift; path = Main.Model.Sizes.swift; sourceTree = "<group>"; };
		CA5922D924FF652B00790B66 /* MainHourlyWeatherView.xib */ = {isa = PBXFileReference; lastKnownFileType = file.xib; path = MainHourlyWeatherView.xib; sourceTree = "<group>"; };
		CA5922DB24FF653600790B66 /* MainHourlyWeatherView.swift */ = {isa = PBXFileReference; lastKnownFileType = sourcecode.swift; path = MainHourlyWeatherView.swift; sourceTree = "<group>"; };
		CA5922DD24FF69BB00790B66 /* MainDailyWeatherView.xib */ = {isa = PBXFileReference; lastKnownFileType = file.xib; path = MainDailyWeatherView.xib; sourceTree = "<group>"; };
		CA5922DF24FF69DB00790B66 /* MainDailyWeatherView.swift */ = {isa = PBXFileReference; lastKnownFileType = sourcecode.swift; path = MainDailyWeatherView.swift; sourceTree = "<group>"; };
		CA5922E124FF6BB800790B66 /* MainDetailWeatherView.xib */ = {isa = PBXFileReference; lastKnownFileType = file.xib; path = MainDetailWeatherView.xib; sourceTree = "<group>"; };
		CA5922E324FF6BC600790B66 /* MainDetailWeatherView.swift */ = {isa = PBXFileReference; lastKnownFileType = sourcecode.swift; path = MainDetailWeatherView.swift; sourceTree = "<group>"; };
		CA5922E524FF7EAC00790B66 /* Main.Model.Detail.swift */ = {isa = PBXFileReference; lastKnownFileType = sourcecode.swift; path = Main.Model.Detail.swift; sourceTree = "<group>"; };
		CA5922E824FF864A00790B66 /* LocationClient.swift */ = {isa = PBXFileReference; lastKnownFileType = sourcecode.swift; path = LocationClient.swift; sourceTree = "<group>"; };
		CA5922EB24FF8DB000790B66 /* CLLocation+Permission.swift */ = {isa = PBXFileReference; lastKnownFileType = sourcecode.swift; path = "CLLocation+Permission.swift"; sourceTree = "<group>"; };
		CA5922ED24FF8ED200790B66 /* Main.Action.swift */ = {isa = PBXFileReference; lastKnownFileType = sourcecode.swift; path = Main.Action.swift; sourceTree = "<group>"; };
		CA5922F02500804F00790B66 /* CoreDataManager.swift */ = {isa = PBXFileReference; lastKnownFileType = sourcecode.swift; path = CoreDataManager.swift; sourceTree = "<group>"; };
		CA5922F22500AA7E00790B66 /* CoreDataManager+WeatherModel.swift */ = {isa = PBXFileReference; lastKnownFileType = sourcecode.swift; path = "CoreDataManager+WeatherModel.swift"; sourceTree = "<group>"; };
		CA5922F42500B0F600790B66 /* CoreWeather+CoreDataClass.swift */ = {isa = PBXFileReference; lastKnownFileType = sourcecode.swift; name = "CoreWeather+CoreDataClass.swift"; path = "/Users/joey.con/Desktop/Study/GitHub/AnyWeather/AnyWeather/Main/Model/CoreWeather+CoreDataClass.swift"; sourceTree = "<absolute>"; };
		CA5922F52500B0F600790B66 /* CoreWeather+CoreDataProperties.swift */ = {isa = PBXFileReference; lastKnownFileType = sourcecode.swift; name = "CoreWeather+CoreDataProperties.swift"; path = "/Users/joey.con/Desktop/Study/GitHub/AnyWeather/AnyWeather/Main/Model/CoreWeather+CoreDataProperties.swift"; sourceTree = "<absolute>"; };
		D04EB52740524B2B3AA86F99 /* Pods-AnyWeatherTests.release.xcconfig */ = {isa = PBXFileReference; includeInIndex = 1; lastKnownFileType = text.xcconfig; name = "Pods-AnyWeatherTests.release.xcconfig"; path = "Target Support Files/Pods-AnyWeatherTests/Pods-AnyWeatherTests.release.xcconfig"; sourceTree = "<group>"; };
		F0C5E732741A9AB98CD0241C /* Pods-AnyWeather-AnyWeatherUITests.debug.xcconfig */ = {isa = PBXFileReference; includeInIndex = 1; lastKnownFileType = text.xcconfig; name = "Pods-AnyWeather-AnyWeatherUITests.debug.xcconfig"; path = "Target Support Files/Pods-AnyWeather-AnyWeatherUITests/Pods-AnyWeather-AnyWeatherUITests.debug.xcconfig"; sourceTree = "<group>"; };
		F65A8B226FC3958546B00B9E /* Pods-AnyWeatherTests.debug.xcconfig */ = {isa = PBXFileReference; includeInIndex = 1; lastKnownFileType = text.xcconfig; name = "Pods-AnyWeatherTests.debug.xcconfig"; path = "Target Support Files/Pods-AnyWeatherTests/Pods-AnyWeatherTests.debug.xcconfig"; sourceTree = "<group>"; };
/* End PBXFileReference section */

/* Begin PBXFrameworksBuildPhase section */
		313A367724889633008DCF68 /* Frameworks */ = {
			isa = PBXFrameworksBuildPhase;
			buildActionMask = 2147483647;
			files = (
				096BEA3D22B15F14A0B2CC33 /* Pods_AnyWeather.framework in Frameworks */,
			);
			runOnlyForDeploymentPostprocessing = 0;
		};
		313A368D24889636008DCF68 /* Frameworks */ = {
			isa = PBXFrameworksBuildPhase;
			buildActionMask = 2147483647;
			files = (
				D8881B834054F9DC0190E3B4 /* Pods_AnyWeatherTests.framework in Frameworks */,
			);
			runOnlyForDeploymentPostprocessing = 0;
		};
		313A369824889636008DCF68 /* Frameworks */ = {
			isa = PBXFrameworksBuildPhase;
			buildActionMask = 2147483647;
			files = (
				BB1691D77D3B36DD9D1044A0 /* Pods_AnyWeather_AnyWeatherUITests.framework in Frameworks */,
			);
			runOnlyForDeploymentPostprocessing = 0;
		};
/* End PBXFrameworksBuildPhase section */

/* Begin PBXGroup section */
		1C30C3A8248CE2600059FD00 /* Cell */ = {
			isa = PBXGroup;
			children = (
				1C30C3A9248CE27B0059FD00 /* ListTableViewCell.swift */,
				1C30C3AB248CEA390059FD00 /* ListTailTableViewCell.swift */,
			);
			path = Cell;
			sourceTree = "<group>";
		};
		1C59310E248904CF00C4EF34 /* Common */ = {
			isa = PBXGroup;
			children = (
				1C59310F248904E900C4EF34 /* CommonValues.swift */,
			);
			path = Common;
			sourceTree = "<group>";
		};
		1C59311B24890B5F00C4EF34 /* Main */ = {
			isa = PBXGroup;
			children = (
				1CF76D2B248BBCD20021B42D /* MainViewController.swift */,
				313A36C12488C99F008DCF68 /* View */,
			);
			path = Main;
			sourceTree = "<group>";
		};
		1C59311C24890B6900C4EF34 /* List */ = {
			isa = PBXGroup;
			children = (
				1C903E22248CE05B00ECD50A /* ListViewController.swift */,
				1C30C3A8248CE2600059FD00 /* Cell */,
			);
			path = List;
			sourceTree = "<group>";
		};
		1CC6CDDE2490982200BCE2C1 /* UnitTestResources */ = {
			isa = PBXGroup;
			children = (
				1CC6CDDF2490982C00BCE2C1 /* Model */,
				1CC6CDE02490984D00BCE2C1 /* MockURLSession.swift */,
			);
			path = UnitTestResources;
			sourceTree = "<group>";
		};
		1CC6CDDF2490982C00BCE2C1 /* Model */ = {
			isa = PBXGroup;
			children = (
				1CC6CDDC249097FB00BCE2C1 /* MockModel.swift */,
			);
			path = Model;
			sourceTree = "<group>";
		};
		1CF76D26248BB98C0021B42D /* ContentView */ = {
			isa = PBXGroup;
			children = (
				1CF76D2D248BC13F0021B42D /* DailyWeatherCell.swift */,
				1CF76D2F248BC5EC0021B42D /* TodaySummaryView.swift */,
				1CF76D31248BC7C40021B42D /* TodayDetailCell.swift */,
			);
			path = ContentView;
			sourceTree = "<group>";
		};
		1CF76D33248BCF300021B42D /* HeaderView */ = {
			isa = PBXGroup;
			children = (
				313A36C22488C9B0008DCF68 /* MainTempView.swift */,
				1CF76D27248BB9B80021B42D /* HourlyWeatherCell.swift */,
			);
			path = HeaderView;
			sourceTree = "<group>";
		};
		1CF76D34248BCF4A0021B42D /* FooterView */ = {
			isa = PBXGroup;
			children = (
				1CF76CD2248B21820021B42D /* FooterView.swift */,
			);
			path = FooterView;
			sourceTree = "<group>";
		};
		313A367124889633008DCF68 = {
			isa = PBXGroup;
			children = (
				313A367C24889633008DCF68 /* AnyWeather */,
				313A369324889636008DCF68 /* AnyWeatherTests */,
				313A367B24889633008DCF68 /* Products */,
				739EF6C3DB889F7B54CBB0F7 /* Pods */,
				AE6AF69BBFF5E83B730BCCAC /* Frameworks */,
			);
			sourceTree = "<group>";
		};
		313A367B24889633008DCF68 /* Products */ = {
			isa = PBXGroup;
			children = (
				313A367A24889633008DCF68 /* AnyWeather.app */,
				313A369024889636008DCF68 /* AnyWeatherTests.xctest */,
				313A369B24889636008DCF68 /* AnyWeatherUITests.xctest */,
			);
			name = Products;
			sourceTree = "<group>";
		};
		313A367C24889633008DCF68 /* AnyWeather */ = {
			isa = PBXGroup;
			children = (
				313A368B24889636008DCF68 /* Info.plist */,
				313A367D24889633008DCF68 /* AppDelegate.swift */,
				313A367F24889633008DCF68 /* SceneDelegate.swift */,
				313A36B024889679008DCF68 /* Resources */,
				CA59229A24FDEEF200790B66 /* Common */,
				CA59229524FDEE7400790B66 /* Main */,
				CA59229624FDEE8300790B66 /* List */,
				CA59229724FDEE8E00790B66 /* Search */,
				CA59229224FDDB3B00790B66 /* Protocols */,
				313A36B1248897C8008DCF68 /* Managers */,
				313A36AE24889667008DCF68 /* Models */,
				313A36AD24889657008DCF68 /* Views */,
				313A36AF2488966C008DCF68 /* ViewModels */,
			);
			path = AnyWeather;
			sourceTree = "<group>";
		};
		313A369324889636008DCF68 /* AnyWeatherTests */ = {
			isa = PBXGroup;
			children = (
				1CC6CDDE2490982200BCE2C1 /* UnitTestResources */,
				1CF117332490711A00439C72 /* APIManagerTests.swift */,
				1CC6CDE72490AF2600BCE2C1 /* CoreDataTests.swift */,
				313A369624889636008DCF68 /* Info.plist */,
			);
			path = AnyWeatherTests;
			sourceTree = "<group>";
		};
		313A36AD24889657008DCF68 /* Views */ = {
			isa = PBXGroup;
			children = (
				1C59311D24890B8C00C4EF34 /* BaseViewController.swift */,
				1C59311B24890B5F00C4EF34 /* Main */,
				1C59311C24890B6900C4EF34 /* List */,
				314A5B80248E17780090845A /* Search */,
			);
			path = Views;
			sourceTree = "<group>";
		};
		313A36AE24889667008DCF68 /* Models */ = {
			isa = PBXGroup;
			children = (
				314A5B7D248E01F30090845A /* Local */,
			);
			path = Models;
			sourceTree = "<group>";
		};
		313A36AF2488966C008DCF68 /* ViewModels */ = {
			isa = PBXGroup;
			children = (
				1CF76CDB248B4C620021B42D /* WeatherViewModel.swift */,
			);
			path = ViewModels;
			sourceTree = "<group>";
		};
		313A36B024889679008DCF68 /* Resources */ = {
			isa = PBXGroup;
			children = (
				313A368824889636008DCF68 /* LaunchScreen.storyboard */,
				313A368624889636008DCF68 /* Assets.xcassets */,
				1C59310E248904CF00C4EF34 /* Common */,
			);
			path = Resources;
			sourceTree = "<group>";
		};
		313A36B1248897C8008DCF68 /* Managers */ = {
			isa = PBXGroup;
			children = (
				313A36B524889A63008DCF68 /* APIManager.swift */,
				1CC7F672248C8F8B00F83CB2 /* LocationManager.swift */,
				314A5B7E248E03400090845A /* CoreDataTempManager.swift */,
			);
			path = Managers;
			sourceTree = "<group>";
		};
		313A36B82488B082008DCF68 /* Extensions */ = {
			isa = PBXGroup;
			children = (
				313A36B92488B08C008DCF68 /* String+Extensions.swift */,
				1C593109248903C800C4EF34 /* CGFloat+Double+Extensions.swift */,
				1C903E1E248CB86800ECD50A /* Date+Extensions.swift */,
				1C5931132489063D00C4EF34 /* UIColor+Extensions.swift */,
				1C5931152489076A00C4EF34 /* UIFont+Extensions.swift */,
				1C30C3AD248CF9F20059FD00 /* NSAttributeString+Extensions.swift */,
				314A5B83248E1C620090845A /* UIApplication+Extensions.swift */,
				1C593131248B1B7B00C4EF34 /* UILabel+Extensions.swift */,
				313A36CA2488CF5D008DCF68 /* UIView+Extensions.swift */,
				1C59312A24893E7A00C4EF34 /* UIScrollView+Extensions.swift */,
				1C593119248909DB00C4EF34 /* UIStackView+Extensions.swift */,
			);
			path = Extensions;
			sourceTree = "<group>";
		};
		313A36C12488C99F008DCF68 /* View */ = {
			isa = PBXGroup;
			children = (
				1CF76D29248BBA9A0021B42D /* MainFullView.swift */,
				1CF76D33248BCF300021B42D /* HeaderView */,
				1CF76D26248BB98C0021B42D /* ContentView */,
				1CF76D34248BCF4A0021B42D /* FooterView */,
			);
			path = View;
			sourceTree = "<group>";
		};
		314A5B7D248E01F30090845A /* Local */ = {
			isa = PBXGroup;
			children = (
			);
			path = Local;
			sourceTree = "<group>";
		};
		314A5B80248E17780090845A /* Search */ = {
			isa = PBXGroup;
			children = (
				314A5B81248E17FA0090845A /* SearchViewController.swift */,
			);
			path = Search;
			sourceTree = "<group>";
		};
		739EF6C3DB889F7B54CBB0F7 /* Pods */ = {
			isa = PBXGroup;
			children = (
				7FCC73FEF65869E92CA56021 /* Pods-AnyWeather.debug.xcconfig */,
				651515E61AF3ECB4CA8AC82E /* Pods-AnyWeather.release.xcconfig */,
				F0C5E732741A9AB98CD0241C /* Pods-AnyWeather-AnyWeatherUITests.debug.xcconfig */,
				BE5FAA68847E016F5A7F9787 /* Pods-AnyWeather-AnyWeatherUITests.release.xcconfig */,
				F65A8B226FC3958546B00B9E /* Pods-AnyWeatherTests.debug.xcconfig */,
				D04EB52740524B2B3AA86F99 /* Pods-AnyWeatherTests.release.xcconfig */,
			);
			path = Pods;
			sourceTree = "<group>";
		};
		AE6AF69BBFF5E83B730BCCAC /* Frameworks */ = {
			isa = PBXGroup;
			children = (
				339D1786FF6FF9E604212D38 /* Pods_AnyWeather.framework */,
				A5AFDF6759D9FF2CE79FC53C /* Pods_AnyWeather_AnyWeatherUITests.framework */,
				5ECFE3668801F62DD5D6B4E0 /* Pods_AnyWeatherTests.framework */,
			);
			name = Frameworks;
			sourceTree = "<group>";
		};
		CA59229224FDDB3B00790B66 /* Protocols */ = {
			isa = PBXGroup;
			children = (
				CA59229324FDDB3B00790B66 /* ViewProtocol.swift */,
			);
			path = Protocols;
			sourceTree = "<group>";
		};
		CA59229524FDEE7400790B66 /* Main */ = {
			isa = PBXGroup;
			children = (
				CA59229824FDEED500790B66 /* -----날씨 메인----- */,
				CA5922B124FE127300790B66 /* Main.swift */,
				CA5922B324FE130000790B66 /* Model */,
				CA5922B624FE13EA00790B66 /* API */,
				CA5922B724FE13F400790B66 /* Action */,
				CA5922BE24FE18DC00790B66 /* View */,
			);
			path = Main;
			sourceTree = "<group>";
		};
		CA59229624FDEE8300790B66 /* List */ = {
			isa = PBXGroup;
			children = (
				CA59229F24FDF1E000790B66 /* -----날씨 리스트----- */,
			);
			path = List;
			sourceTree = "<group>";
		};
		CA59229724FDEE8E00790B66 /* Search */ = {
			isa = PBXGroup;
			children = (
				CA5922A124FDF1EB00790B66 /* -----날씨 검색----- */,
			);
			path = Search;
			sourceTree = "<group>";
		};
		CA59229A24FDEEF200790B66 /* Common */ = {
			isa = PBXGroup;
			children = (
				CA5922A624FDF29F00790B66 /* PayWeather.swift */,
				CA5922A324FDF24E00790B66 /* Component */,
				CA59229B24FDEEFE00790B66 /* UIComponent */,
				313A36B82488B082008DCF68 /* Extensions */,
			);
			path = Common;
			sourceTree = "<group>";
		};
		CA59229B24FDEEFE00790B66 /* UIComponent */ = {
			isa = PBXGroup;
			children = (
				CA59229C24FDF18200790B66 /* CustomView */,
				CA59229E24FDF1B800790B66 /* CachedImageView */,
				CA59229D24FDF19700790B66 /* PageControl */,
			);
			path = UIComponent;
			sourceTree = "<group>";
		};
		CA59229C24FDF18200790B66 /* CustomView */ = {
			isa = PBXGroup;
			children = (
				313A36C52488CA22008DCF68 /* CustomTempView.swift */,
			);
			path = CustomView;
			sourceTree = "<group>";
		};
		CA59229D24FDF19700790B66 /* PageControl */ = {
			isa = PBXGroup;
			children = (
				CA5922C924FE263400790B66 /* CustomPagerControl.xib */,
				CA5922CB24FE274100790B66 /* CustomPageControl.swift */,
				1CF76CD4248B2E840021B42D /* TempPagerControl.swift */,
			);
			path = PageControl;
			sourceTree = "<group>";
		};
		CA59229E24FDF1B800790B66 /* CachedImageView */ = {
			isa = PBXGroup;
			children = (
				1C903E20248CD09300ECD50A /* CustomImageView.swift */,
			);
			path = CachedImageView;
			sourceTree = "<group>";
		};
		CA5922A324FDF24E00790B66 /* Component */ = {
			isa = PBXGroup;
			children = (
				CA5922B024FE124600790B66 /* Log */,
				CA5922A924FDF33700790B66 /* API */,
				CA5922A824FDF31E00790B66 /* Namespace */,
				CA5922E724FF862300790B66 /* Location */,
				CA5922EA24FF8D9900790B66 /* Permission */,
				CA5922EF2500801D00790B66 /* CoreData */,
				CACF714F2500CD6100509462 /* Weather */,
			);
			path = Component;
			sourceTree = "<group>";
		};
		CA5922A824FDF31E00790B66 /* Namespace */ = {
			isa = PBXGroup;
			children = (
				CA5922A424FDF26300790B66 /* Namespace.swift */,
			);
			path = Namespace;
			sourceTree = "<group>";
		};
		CA5922A924FDF33700790B66 /* API */ = {
			isa = PBXGroup;
			children = (
				CA5922AA24FDF39F00790B66 /* HTTPClient+Pay.swift */,
				CA5922BC24FE17E300790B66 /* HTTPClient+Url.swift */,
				CA5922AC24FE0A1D00790B66 /* HTTPClient+Log.swift */,
				CA5922BA24FE14F100790B66 /* HTTPClient+Session.swift */,
				CA5922AE24FE0E4500790B66 /* HTTPClient+Error.swift */,
			);
			path = API;
			sourceTree = "<group>";
		};
		CA5922B024FE124600790B66 /* Log */ = {
			isa = PBXGroup;
			children = (
				313A36BD2488B928008DCF68 /* Log.swift */,
			);
			path = Log;
			sourceTree = "<group>";
		};
		CA5922B324FE130000790B66 /* Model */ = {
			isa = PBXGroup;
			children = (
				1CC7F674248CA7BF00F83CB2 /* Main.Model.Weather.swift */,
				CA5922E524FF7EAC00790B66 /* Main.Model.Detail.swift */,
				CA5922D724FF484C00790B66 /* Main.Model.Sizes.swift */,
			);
			path = Model;
			sourceTree = "<group>";
		};
		CA5922B624FE13EA00790B66 /* API */ = {
			isa = PBXGroup;
			children = (
				CA5922B824FE141500790B66 /* Main.API.swift */,
			);
			path = API;
			sourceTree = "<group>";
		};
		CA5922B724FE13F400790B66 /* Action */ = {
			isa = PBXGroup;
			children = (
				CA5922ED24FF8ED200790B66 /* Main.Action.swift */,
			);
			path = Action;
			sourceTree = "<group>";
		};
		CA5922BE24FE18DC00790B66 /* View */ = {
			isa = PBXGroup;
			children = (
				CA5922C124FE197400790B66 /* MainWeather.storyboard */,
				CA5922BF24FE193700790B66 /* MainWeatherViewController.swift */,
				CA5922CF24FE50B000790B66 /* MainWeatherFullView.xib */,
				CA5922CD24FE509100790B66 /* MainWeatherFullView.swift */,
				CA5922D524FF418E00790B66 /* MainNowWeatherView.xib */,
				CA5922D324FF404000790B66 /* MainNowWeatherView.swift */,
				CA5922D924FF652B00790B66 /* MainHourlyWeatherView.xib */,
				CA5922DB24FF653600790B66 /* MainHourlyWeatherView.swift */,
				CA5922DD24FF69BB00790B66 /* MainDailyWeatherView.xib */,
				CA5922DF24FF69DB00790B66 /* MainDailyWeatherView.swift */,
				CA5922E124FF6BB800790B66 /* MainDetailWeatherView.xib */,
				CA5922E324FF6BC600790B66 /* MainDetailWeatherView.swift */,
			);
			path = View;
			sourceTree = "<group>";
		};
		CA5922E724FF862300790B66 /* Location */ = {
			isa = PBXGroup;
			children = (
				CA5922E824FF864A00790B66 /* LocationClient.swift */,
			);
			path = Location;
			sourceTree = "<group>";
		};
		CA5922EA24FF8D9900790B66 /* Permission */ = {
			isa = PBXGroup;
			children = (
				CA5922EB24FF8DB000790B66 /* CLLocation+Permission.swift */,
			);
			path = Permission;
			sourceTree = "<group>";
		};
		CA5922EF2500801D00790B66 /* CoreData */ = {
			isa = PBXGroup;
			children = (
				CA5922F02500804F00790B66 /* CoreDataManager.swift */,
			);
			path = CoreData;
			sourceTree = "<group>";
		};
		CACF714F2500CD6100509462 /* Weather */ = {
			isa = PBXGroup;
			children = (
				314A5B76248E01320090845A /* CoreWeather.xcdatamodeld */,
				CA5922F42500B0F600790B66 /* CoreWeather+CoreDataClass.swift */,
				CA5922F52500B0F600790B66 /* CoreWeather+CoreDataProperties.swift */,
				CA5922F22500AA7E00790B66 /* CoreDataManager+WeatherModel.swift */,
			);
			path = Weather;
			sourceTree = "<group>";
		};
/* End PBXGroup section */

/* Begin PBXNativeTarget section */
		313A367924889633008DCF68 /* AnyWeather */ = {
			isa = PBXNativeTarget;
			buildConfigurationList = 313A36A424889636008DCF68 /* Build configuration list for PBXNativeTarget "AnyWeather" */;
			buildPhases = (
				F9E80352C3DD1E1B22970990 /* [CP] Check Pods Manifest.lock */,
				313A367624889633008DCF68 /* Sources */,
				313A367724889633008DCF68 /* Frameworks */,
				313A367824889633008DCF68 /* Resources */,
				0A717F19F127B0C1ED360726 /* [CP] Embed Pods Frameworks */,
			);
			buildRules = (
			);
			dependencies = (
			);
			name = AnyWeather;
			productName = AnyWeather;
			productReference = 313A367A24889633008DCF68 /* AnyWeather.app */;
			productType = "com.apple.product-type.application";
		};
		313A368F24889636008DCF68 /* AnyWeatherTests */ = {
			isa = PBXNativeTarget;
			buildConfigurationList = 313A36A724889636008DCF68 /* Build configuration list for PBXNativeTarget "AnyWeatherTests" */;
			buildPhases = (
				0B8B06C7B5D9E5D286D22624 /* [CP] Check Pods Manifest.lock */,
				313A368C24889636008DCF68 /* Sources */,
				313A368D24889636008DCF68 /* Frameworks */,
				313A368E24889636008DCF68 /* Resources */,
			);
			buildRules = (
			);
			dependencies = (
				313A369224889636008DCF68 /* PBXTargetDependency */,
			);
			name = AnyWeatherTests;
			productName = AnyWeatherTests;
			productReference = 313A369024889636008DCF68 /* AnyWeatherTests.xctest */;
			productType = "com.apple.product-type.bundle.unit-test";
		};
		313A369A24889636008DCF68 /* AnyWeatherUITests */ = {
			isa = PBXNativeTarget;
			buildConfigurationList = 313A36AA24889636008DCF68 /* Build configuration list for PBXNativeTarget "AnyWeatherUITests" */;
			buildPhases = (
				FADCEECE8851A5645AF93079 /* [CP] Check Pods Manifest.lock */,
				313A369724889636008DCF68 /* Sources */,
				313A369824889636008DCF68 /* Frameworks */,
				313A369924889636008DCF68 /* Resources */,
				53D96219BA1486AC7FA68A17 /* [CP] Embed Pods Frameworks */,
			);
			buildRules = (
			);
			dependencies = (
				313A369D24889636008DCF68 /* PBXTargetDependency */,
			);
			name = AnyWeatherUITests;
			productName = AnyWeatherUITests;
			productReference = 313A369B24889636008DCF68 /* AnyWeatherUITests.xctest */;
			productType = "com.apple.product-type.bundle.ui-testing";
		};
/* End PBXNativeTarget section */

/* Begin PBXProject section */
		313A367224889633008DCF68 /* Project object */ = {
			isa = PBXProject;
			attributes = {
				LastSwiftUpdateCheck = 1150;
				LastUpgradeCheck = 1150;
				ORGANIZATIONNAME = hanulyun;
				TargetAttributes = {
					313A367924889633008DCF68 = {
						CreatedOnToolsVersion = 11.5;
					};
					313A368F24889636008DCF68 = {
						CreatedOnToolsVersion = 11.5;
						TestTargetID = 313A367924889633008DCF68;
					};
					313A369A24889636008DCF68 = {
						CreatedOnToolsVersion = 11.5;
						TestTargetID = 313A367924889633008DCF68;
					};
				};
			};
			buildConfigurationList = 313A367524889633008DCF68 /* Build configuration list for PBXProject "AnyWeather" */;
			compatibilityVersion = "Xcode 9.3";
			developmentRegion = en;
			hasScannedForEncodings = 0;
			knownRegions = (
				en,
				Base,
			);
			mainGroup = 313A367124889633008DCF68;
			productRefGroup = 313A367B24889633008DCF68 /* Products */;
			projectDirPath = "";
			projectRoot = "";
			targets = (
				313A367924889633008DCF68 /* AnyWeather */,
				313A368F24889636008DCF68 /* AnyWeatherTests */,
				313A369A24889636008DCF68 /* AnyWeatherUITests */,
			);
		};
/* End PBXProject section */

/* Begin PBXResourcesBuildPhase section */
		313A367824889633008DCF68 /* Resources */ = {
			isa = PBXResourcesBuildPhase;
			buildActionMask = 2147483647;
			files = (
				CA5922DA24FF652B00790B66 /* MainHourlyWeatherView.xib in Resources */,
				CA5922D624FF418E00790B66 /* MainNowWeatherView.xib in Resources */,
				313A368A24889636008DCF68 /* LaunchScreen.storyboard in Resources */,
				CA59229924FDEED500790B66 /* -----날씨 메인----- in Resources */,
				CA5922C224FE197400790B66 /* MainWeather.storyboard in Resources */,
				CA5922D024FE50B000790B66 /* MainWeatherFullView.xib in Resources */,
				CA5922A224FDF1EB00790B66 /* -----날씨 검색----- in Resources */,
				CA5922A024FDF1E000790B66 /* -----날씨 리스트----- in Resources */,
				313A368724889636008DCF68 /* Assets.xcassets in Resources */,
				CA5922E224FF6BB800790B66 /* MainDetailWeatherView.xib in Resources */,
				CA5922DE24FF69BB00790B66 /* MainDailyWeatherView.xib in Resources */,
				CA5922CA24FE263500790B66 /* CustomPagerControl.xib in Resources */,
			);
			runOnlyForDeploymentPostprocessing = 0;
		};
		313A368E24889636008DCF68 /* Resources */ = {
			isa = PBXResourcesBuildPhase;
			buildActionMask = 2147483647;
			files = (
			);
			runOnlyForDeploymentPostprocessing = 0;
		};
		313A369924889636008DCF68 /* Resources */ = {
			isa = PBXResourcesBuildPhase;
			buildActionMask = 2147483647;
			files = (
			);
			runOnlyForDeploymentPostprocessing = 0;
		};
/* End PBXResourcesBuildPhase section */

/* Begin PBXShellScriptBuildPhase section */
		0A717F19F127B0C1ED360726 /* [CP] Embed Pods Frameworks */ = {
			isa = PBXShellScriptBuildPhase;
			buildActionMask = 2147483647;
			files = (
			);
			inputFileListPaths = (
				"${PODS_ROOT}/Target Support Files/Pods-AnyWeather/Pods-AnyWeather-frameworks-${CONFIGURATION}-input-files.xcfilelist",
			);
			name = "[CP] Embed Pods Frameworks";
			outputFileListPaths = (
				"${PODS_ROOT}/Target Support Files/Pods-AnyWeather/Pods-AnyWeather-frameworks-${CONFIGURATION}-output-files.xcfilelist",
			);
			runOnlyForDeploymentPostprocessing = 0;
			shellPath = /bin/sh;
			shellScript = "\"${PODS_ROOT}/Target Support Files/Pods-AnyWeather/Pods-AnyWeather-frameworks.sh\"\n";
			showEnvVarsInLog = 0;
		};
		0B8B06C7B5D9E5D286D22624 /* [CP] Check Pods Manifest.lock */ = {
			isa = PBXShellScriptBuildPhase;
			buildActionMask = 2147483647;
			files = (
			);
			inputFileListPaths = (
			);
			inputPaths = (
				"${PODS_PODFILE_DIR_PATH}/Podfile.lock",
				"${PODS_ROOT}/Manifest.lock",
			);
			name = "[CP] Check Pods Manifest.lock";
			outputFileListPaths = (
			);
			outputPaths = (
				"$(DERIVED_FILE_DIR)/Pods-AnyWeatherTests-checkManifestLockResult.txt",
			);
			runOnlyForDeploymentPostprocessing = 0;
			shellPath = /bin/sh;
			shellScript = "diff \"${PODS_PODFILE_DIR_PATH}/Podfile.lock\" \"${PODS_ROOT}/Manifest.lock\" > /dev/null\nif [ $? != 0 ] ; then\n    # print error to STDERR\n    echo \"error: The sandbox is not in sync with the Podfile.lock. Run 'pod install' or update your CocoaPods installation.\" >&2\n    exit 1\nfi\n# This output is used by Xcode 'outputs' to avoid re-running this script phase.\necho \"SUCCESS\" > \"${SCRIPT_OUTPUT_FILE_0}\"\n";
			showEnvVarsInLog = 0;
		};
		53D96219BA1486AC7FA68A17 /* [CP] Embed Pods Frameworks */ = {
			isa = PBXShellScriptBuildPhase;
			buildActionMask = 2147483647;
			files = (
			);
			inputFileListPaths = (
				"${PODS_ROOT}/Target Support Files/Pods-AnyWeather-AnyWeatherUITests/Pods-AnyWeather-AnyWeatherUITests-frameworks-${CONFIGURATION}-input-files.xcfilelist",
			);
			name = "[CP] Embed Pods Frameworks";
			outputFileListPaths = (
				"${PODS_ROOT}/Target Support Files/Pods-AnyWeather-AnyWeatherUITests/Pods-AnyWeather-AnyWeatherUITests-frameworks-${CONFIGURATION}-output-files.xcfilelist",
			);
			runOnlyForDeploymentPostprocessing = 0;
			shellPath = /bin/sh;
			shellScript = "\"${PODS_ROOT}/Target Support Files/Pods-AnyWeather-AnyWeatherUITests/Pods-AnyWeather-AnyWeatherUITests-frameworks.sh\"\n";
			showEnvVarsInLog = 0;
		};
		F9E80352C3DD1E1B22970990 /* [CP] Check Pods Manifest.lock */ = {
			isa = PBXShellScriptBuildPhase;
			buildActionMask = 2147483647;
			files = (
			);
			inputFileListPaths = (
			);
			inputPaths = (
				"${PODS_PODFILE_DIR_PATH}/Podfile.lock",
				"${PODS_ROOT}/Manifest.lock",
			);
			name = "[CP] Check Pods Manifest.lock";
			outputFileListPaths = (
			);
			outputPaths = (
				"$(DERIVED_FILE_DIR)/Pods-AnyWeather-checkManifestLockResult.txt",
			);
			runOnlyForDeploymentPostprocessing = 0;
			shellPath = /bin/sh;
			shellScript = "diff \"${PODS_PODFILE_DIR_PATH}/Podfile.lock\" \"${PODS_ROOT}/Manifest.lock\" > /dev/null\nif [ $? != 0 ] ; then\n    # print error to STDERR\n    echo \"error: The sandbox is not in sync with the Podfile.lock. Run 'pod install' or update your CocoaPods installation.\" >&2\n    exit 1\nfi\n# This output is used by Xcode 'outputs' to avoid re-running this script phase.\necho \"SUCCESS\" > \"${SCRIPT_OUTPUT_FILE_0}\"\n";
			showEnvVarsInLog = 0;
		};
		FADCEECE8851A5645AF93079 /* [CP] Check Pods Manifest.lock */ = {
			isa = PBXShellScriptBuildPhase;
			buildActionMask = 2147483647;
			files = (
			);
			inputFileListPaths = (
			);
			inputPaths = (
				"${PODS_PODFILE_DIR_PATH}/Podfile.lock",
				"${PODS_ROOT}/Manifest.lock",
			);
			name = "[CP] Check Pods Manifest.lock";
			outputFileListPaths = (
			);
			outputPaths = (
				"$(DERIVED_FILE_DIR)/Pods-AnyWeather-AnyWeatherUITests-checkManifestLockResult.txt",
			);
			runOnlyForDeploymentPostprocessing = 0;
			shellPath = /bin/sh;
			shellScript = "diff \"${PODS_PODFILE_DIR_PATH}/Podfile.lock\" \"${PODS_ROOT}/Manifest.lock\" > /dev/null\nif [ $? != 0 ] ; then\n    # print error to STDERR\n    echo \"error: The sandbox is not in sync with the Podfile.lock. Run 'pod install' or update your CocoaPods installation.\" >&2\n    exit 1\nfi\n# This output is used by Xcode 'outputs' to avoid re-running this script phase.\necho \"SUCCESS\" > \"${SCRIPT_OUTPUT_FILE_0}\"\n";
			showEnvVarsInLog = 0;
		};
/* End PBXShellScriptBuildPhase section */

/* Begin PBXSourcesBuildPhase section */
		313A367624889633008DCF68 /* Sources */ = {
			isa = PBXSourcesBuildPhase;
			buildActionMask = 2147483647;
			files = (
				1C903E23248CE05B00ECD50A /* ListViewController.swift in Sources */,
				CA5922BB24FE14F100790B66 /* HTTPClient+Session.swift in Sources */,
				CA5922CC24FE274100790B66 /* CustomPageControl.swift in Sources */,
				1CF76D2A248BBA9A0021B42D /* MainFullView.swift in Sources */,
				CA5922E024FF69DB00790B66 /* MainDailyWeatherView.swift in Sources */,
				CA5922D824FF484C00790B66 /* Main.Model.Sizes.swift in Sources */,
				1CF76D28248BB9B80021B42D /* HourlyWeatherCell.swift in Sources */,
				CA5922BD24FE17E300790B66 /* HTTPClient+Url.swift in Sources */,
				1CC6CDDD249097FB00BCE2C1 /* MockModel.swift in Sources */,
				CA5922A724FDF29F00790B66 /* PayWeather.swift in Sources */,
				CA5922B224FE127300790B66 /* Main.swift in Sources */,
				1C59310A248903C800C4EF34 /* CGFloat+Double+Extensions.swift in Sources */,
				1CF76CD3248B21820021B42D /* FooterView.swift in Sources */,
				1C59312B24893E7A00C4EF34 /* UIScrollView+Extensions.swift in Sources */,
				313A36B624889A63008DCF68 /* APIManager.swift in Sources */,
				CA59229424FDDB3B00790B66 /* ViewProtocol.swift in Sources */,
				1C903E21248CD09300ECD50A /* CustomImageView.swift in Sources */,
				CA5922F12500804F00790B66 /* CoreDataManager.swift in Sources */,
				1C30C3AE248CF9F20059FD00 /* NSAttributeString+Extensions.swift in Sources */,
				314A5B78248E01320090845A /* CoreWeather.xcdatamodeld in Sources */,
				1CC7F673248C8F8B00F83CB2 /* LocationManager.swift in Sources */,
				313A367E24889633008DCF68 /* AppDelegate.swift in Sources */,
				314A5B84248E1C620090845A /* UIApplication+Extensions.swift in Sources */,
				1CF76D2E248BC13F0021B42D /* DailyWeatherCell.swift in Sources */,
				1CF76CD5248B2E840021B42D /* TempPagerControl.swift in Sources */,
				1CF76D2C248BBCD20021B42D /* MainViewController.swift in Sources */,
				1C30C3AA248CE27B0059FD00 /* ListTableViewCell.swift in Sources */,
				1C30C3AC248CEA390059FD00 /* ListTailTableViewCell.swift in Sources */,
				313A36CB2488CF5D008DCF68 /* UIView+Extensions.swift in Sources */,
				CA5922EE24FF8ED200790B66 /* Main.Action.swift in Sources */,
				1CC7F675248CA7BF00F83CB2 /* Main.Model.Weather.swift in Sources */,
				CA5922B924FE141500790B66 /* Main.API.swift in Sources */,
				CA5922F32500AA7E00790B66 /* CoreDataManager+WeatherModel.swift in Sources */,
				CA5922E424FF6BC600790B66 /* MainDetailWeatherView.swift in Sources */,
				CA5922F72500B0F600790B66 /* CoreWeather+CoreDataClass.swift in Sources */,
				CA5922EC24FF8DB000790B66 /* CLLocation+Permission.swift in Sources */,
				CA5922F62500B0F600790B66 /* CoreWeather+CoreDataProperties.swift in Sources */,
				1C5931142489063D00C4EF34 /* UIColor+Extensions.swift in Sources */,
				1CC6CDE12490984D00BCE2C1 /* MockURLSession.swift in Sources */,
				CA5922CE24FE509100790B66 /* MainWeatherFullView.swift in Sources */,
				313A36C32488C9B0008DCF68 /* MainTempView.swift in Sources */,
				314A5B7F248E03400090845A /* CoreDataTempManager.swift in Sources */,
				1CF76CDC248B4C620021B42D /* WeatherViewModel.swift in Sources */,
				1C5931162489076A00C4EF34 /* UIFont+Extensions.swift in Sources */,
				CA5922C024FE193700790B66 /* MainWeatherViewController.swift in Sources */,
				CA5922A524FDF26300790B66 /* Namespace.swift in Sources */,
				CA5922AB24FDF39F00790B66 /* HTTPClient+Pay.swift in Sources */,
				313A36C62488CA22008DCF68 /* CustomTempView.swift in Sources */,
				1C593110248904E900C4EF34 /* CommonValues.swift in Sources */,
				314A5B82248E17FA0090845A /* SearchViewController.swift in Sources */,
				CA5922D424FF404000790B66 /* MainNowWeatherView.swift in Sources */,
				1C59311E24890B8C00C4EF34 /* BaseViewController.swift in Sources */,
				1CF76D30248BC5EC0021B42D /* TodaySummaryView.swift in Sources */,
				1C903E1F248CB86800ECD50A /* Date+Extensions.swift in Sources */,
				1C593132248B1B7B00C4EF34 /* UILabel+Extensions.swift in Sources */,
				CA5922AD24FE0A1D00790B66 /* HTTPClient+Log.swift in Sources */,
				313A36BA2488B08C008DCF68 /* String+Extensions.swift in Sources */,
				CA5922E924FF864A00790B66 /* LocationClient.swift in Sources */,
				313A36BE2488B928008DCF68 /* Log.swift in Sources */,
				CA5922AF24FE0E4500790B66 /* HTTPClient+Error.swift in Sources */,
				CA5922E624FF7EAC00790B66 /* Main.Model.Detail.swift in Sources */,
				1CF76D32248BC7C40021B42D /* TodayDetailCell.swift in Sources */,
				CA5922DC24FF653600790B66 /* MainHourlyWeatherView.swift in Sources */,
				1C59311A248909DB00C4EF34 /* UIStackView+Extensions.swift in Sources */,
				313A368024889633008DCF68 /* SceneDelegate.swift in Sources */,
			);
			runOnlyForDeploymentPostprocessing = 0;
		};
		313A368C24889636008DCF68 /* Sources */ = {
			isa = PBXSourcesBuildPhase;
			buildActionMask = 2147483647;
			files = (
				1CC6CDE82490AF2600BCE2C1 /* CoreDataTests.swift in Sources */,
				1CC6CDE42490AEDD00BCE2C1 /* CoreWeather.xcdatamodeld in Sources */,
				1CF117342490711A00439C72 /* APIManagerTests.swift in Sources */,
			);
			runOnlyForDeploymentPostprocessing = 0;
		};
		313A369724889636008DCF68 /* Sources */ = {
			isa = PBXSourcesBuildPhase;
			buildActionMask = 2147483647;
			files = (
			);
			runOnlyForDeploymentPostprocessing = 0;
		};
/* End PBXSourcesBuildPhase section */

/* Begin PBXTargetDependency section */
		313A369224889636008DCF68 /* PBXTargetDependency */ = {
			isa = PBXTargetDependency;
			target = 313A367924889633008DCF68 /* AnyWeather */;
			targetProxy = 313A369124889636008DCF68 /* PBXContainerItemProxy */;
		};
		313A369D24889636008DCF68 /* PBXTargetDependency */ = {
			isa = PBXTargetDependency;
			target = 313A367924889633008DCF68 /* AnyWeather */;
			targetProxy = 313A369C24889636008DCF68 /* PBXContainerItemProxy */;
		};
/* End PBXTargetDependency section */

/* Begin PBXVariantGroup section */
		313A368824889636008DCF68 /* LaunchScreen.storyboard */ = {
			isa = PBXVariantGroup;
			children = (
				313A368924889636008DCF68 /* Base */,
			);
			name = LaunchScreen.storyboard;
			sourceTree = "<group>";
		};
/* End PBXVariantGroup section */

/* Begin XCBuildConfiguration section */
		313A36A224889636008DCF68 /* Debug */ = {
			isa = XCBuildConfiguration;
			buildSettings = {
				ALWAYS_SEARCH_USER_PATHS = NO;
				CLANG_ANALYZER_NONNULL = YES;
				CLANG_ANALYZER_NUMBER_OBJECT_CONVERSION = YES_AGGRESSIVE;
				CLANG_CXX_LANGUAGE_STANDARD = "gnu++14";
				CLANG_CXX_LIBRARY = "libc++";
				CLANG_ENABLE_MODULES = YES;
				CLANG_ENABLE_OBJC_ARC = YES;
				CLANG_ENABLE_OBJC_WEAK = YES;
				CLANG_WARN_BLOCK_CAPTURE_AUTORELEASING = YES;
				CLANG_WARN_BOOL_CONVERSION = YES;
				CLANG_WARN_COMMA = YES;
				CLANG_WARN_CONSTANT_CONVERSION = YES;
				CLANG_WARN_DEPRECATED_OBJC_IMPLEMENTATIONS = YES;
				CLANG_WARN_DIRECT_OBJC_ISA_USAGE = YES_ERROR;
				CLANG_WARN_DOCUMENTATION_COMMENTS = YES;
				CLANG_WARN_EMPTY_BODY = YES;
				CLANG_WARN_ENUM_CONVERSION = YES;
				CLANG_WARN_INFINITE_RECURSION = YES;
				CLANG_WARN_INT_CONVERSION = YES;
				CLANG_WARN_NON_LITERAL_NULL_CONVERSION = YES;
				CLANG_WARN_OBJC_IMPLICIT_RETAIN_SELF = YES;
				CLANG_WARN_OBJC_LITERAL_CONVERSION = YES;
				CLANG_WARN_OBJC_ROOT_CLASS = YES_ERROR;
				CLANG_WARN_RANGE_LOOP_ANALYSIS = YES;
				CLANG_WARN_STRICT_PROTOTYPES = YES;
				CLANG_WARN_SUSPICIOUS_MOVE = YES;
				CLANG_WARN_UNGUARDED_AVAILABILITY = YES_AGGRESSIVE;
				CLANG_WARN_UNREACHABLE_CODE = YES;
				CLANG_WARN__DUPLICATE_METHOD_MATCH = YES;
				COPY_PHASE_STRIP = NO;
				DEBUG_INFORMATION_FORMAT = dwarf;
				ENABLE_STRICT_OBJC_MSGSEND = YES;
				ENABLE_TESTABILITY = YES;
				GCC_C_LANGUAGE_STANDARD = gnu11;
				GCC_DYNAMIC_NO_PIC = NO;
				GCC_NO_COMMON_BLOCKS = YES;
				GCC_OPTIMIZATION_LEVEL = 0;
				GCC_PREPROCESSOR_DEFINITIONS = (
					"DEBUG=1",
					"$(inherited)",
				);
				GCC_WARN_64_TO_32_BIT_CONVERSION = YES;
				GCC_WARN_ABOUT_RETURN_TYPE = YES_ERROR;
				GCC_WARN_UNDECLARED_SELECTOR = YES;
				GCC_WARN_UNINITIALIZED_AUTOS = YES_AGGRESSIVE;
				GCC_WARN_UNUSED_FUNCTION = YES;
				GCC_WARN_UNUSED_VARIABLE = YES;
				IPHONEOS_DEPLOYMENT_TARGET = 12.0;
				MTL_ENABLE_DEBUG_INFO = INCLUDE_SOURCE;
				MTL_FAST_MATH = YES;
				ONLY_ACTIVE_ARCH = YES;
				SDKROOT = iphoneos;
				SWIFT_ACTIVE_COMPILATION_CONDITIONS = DEBUG;
				SWIFT_OPTIMIZATION_LEVEL = "-Onone";
			};
			name = Debug;
		};
		313A36A324889636008DCF68 /* Release */ = {
			isa = XCBuildConfiguration;
			buildSettings = {
				ALWAYS_SEARCH_USER_PATHS = NO;
				CLANG_ANALYZER_NONNULL = YES;
				CLANG_ANALYZER_NUMBER_OBJECT_CONVERSION = YES_AGGRESSIVE;
				CLANG_CXX_LANGUAGE_STANDARD = "gnu++14";
				CLANG_CXX_LIBRARY = "libc++";
				CLANG_ENABLE_MODULES = YES;
				CLANG_ENABLE_OBJC_ARC = YES;
				CLANG_ENABLE_OBJC_WEAK = YES;
				CLANG_WARN_BLOCK_CAPTURE_AUTORELEASING = YES;
				CLANG_WARN_BOOL_CONVERSION = YES;
				CLANG_WARN_COMMA = YES;
				CLANG_WARN_CONSTANT_CONVERSION = YES;
				CLANG_WARN_DEPRECATED_OBJC_IMPLEMENTATIONS = YES;
				CLANG_WARN_DIRECT_OBJC_ISA_USAGE = YES_ERROR;
				CLANG_WARN_DOCUMENTATION_COMMENTS = YES;
				CLANG_WARN_EMPTY_BODY = YES;
				CLANG_WARN_ENUM_CONVERSION = YES;
				CLANG_WARN_INFINITE_RECURSION = YES;
				CLANG_WARN_INT_CONVERSION = YES;
				CLANG_WARN_NON_LITERAL_NULL_CONVERSION = YES;
				CLANG_WARN_OBJC_IMPLICIT_RETAIN_SELF = YES;
				CLANG_WARN_OBJC_LITERAL_CONVERSION = YES;
				CLANG_WARN_OBJC_ROOT_CLASS = YES_ERROR;
				CLANG_WARN_RANGE_LOOP_ANALYSIS = YES;
				CLANG_WARN_STRICT_PROTOTYPES = YES;
				CLANG_WARN_SUSPICIOUS_MOVE = YES;
				CLANG_WARN_UNGUARDED_AVAILABILITY = YES_AGGRESSIVE;
				CLANG_WARN_UNREACHABLE_CODE = YES;
				CLANG_WARN__DUPLICATE_METHOD_MATCH = YES;
				COPY_PHASE_STRIP = NO;
				DEBUG_INFORMATION_FORMAT = "dwarf-with-dsym";
				ENABLE_NS_ASSERTIONS = NO;
				ENABLE_STRICT_OBJC_MSGSEND = YES;
				GCC_C_LANGUAGE_STANDARD = gnu11;
				GCC_NO_COMMON_BLOCKS = YES;
				GCC_WARN_64_TO_32_BIT_CONVERSION = YES;
				GCC_WARN_ABOUT_RETURN_TYPE = YES_ERROR;
				GCC_WARN_UNDECLARED_SELECTOR = YES;
				GCC_WARN_UNINITIALIZED_AUTOS = YES_AGGRESSIVE;
				GCC_WARN_UNUSED_FUNCTION = YES;
				GCC_WARN_UNUSED_VARIABLE = YES;
				IPHONEOS_DEPLOYMENT_TARGET = 12.0;
				MTL_ENABLE_DEBUG_INFO = NO;
				MTL_FAST_MATH = YES;
				SDKROOT = iphoneos;
				SWIFT_COMPILATION_MODE = wholemodule;
				SWIFT_OPTIMIZATION_LEVEL = "-O";
				VALIDATE_PRODUCT = YES;
			};
			name = Release;
		};
		313A36A524889636008DCF68 /* Debug */ = {
			isa = XCBuildConfiguration;
			baseConfigurationReference = 7FCC73FEF65869E92CA56021 /* Pods-AnyWeather.debug.xcconfig */;
			buildSettings = {
				ASSETCATALOG_COMPILER_APPICON_NAME = AppIcon;
				CODE_SIGN_STYLE = Automatic;
				DEVELOPMENT_TEAM = P5P5399747;
				INFOPLIST_FILE = AnyWeather/Info.plist;
				LD_RUNPATH_SEARCH_PATHS = (
					"$(inherited)",
					"@executable_path/Frameworks",
				);
				PRODUCT_BUNDLE_IDENTIFIER = com.hanulyun.AnyWeather;
				PRODUCT_NAME = "$(TARGET_NAME)";
				SWIFT_VERSION = 5.0;
				TARGETED_DEVICE_FAMILY = "1,2";
			};
			name = Debug;
		};
		313A36A624889636008DCF68 /* Release */ = {
			isa = XCBuildConfiguration;
			baseConfigurationReference = 651515E61AF3ECB4CA8AC82E /* Pods-AnyWeather.release.xcconfig */;
			buildSettings = {
				ASSETCATALOG_COMPILER_APPICON_NAME = AppIcon;
				CODE_SIGN_STYLE = Automatic;
				DEVELOPMENT_TEAM = P5P5399747;
				INFOPLIST_FILE = AnyWeather/Info.plist;
				LD_RUNPATH_SEARCH_PATHS = (
					"$(inherited)",
					"@executable_path/Frameworks",
				);
				PRODUCT_BUNDLE_IDENTIFIER = com.hanulyun.AnyWeather;
				PRODUCT_NAME = "$(TARGET_NAME)";
				SWIFT_VERSION = 5.0;
				TARGETED_DEVICE_FAMILY = "1,2";
			};
			name = Release;
		};
		313A36A824889636008DCF68 /* Debug */ = {
			isa = XCBuildConfiguration;
			baseConfigurationReference = F65A8B226FC3958546B00B9E /* Pods-AnyWeatherTests.debug.xcconfig */;
			buildSettings = {
				ALWAYS_EMBED_SWIFT_STANDARD_LIBRARIES = YES;
				BUNDLE_LOADER = "$(TEST_HOST)";
				CODE_SIGN_STYLE = Automatic;
				DEVELOPMENT_TEAM = P5P5399747;
				INFOPLIST_FILE = AnyWeatherTests/Info.plist;
				IPHONEOS_DEPLOYMENT_TARGET = 12.0;
				LD_RUNPATH_SEARCH_PATHS = (
					"$(inherited)",
					"@executable_path/Frameworks",
					"@loader_path/Frameworks",
				);
				PRODUCT_BUNDLE_IDENTIFIER = com.hanulyun.AnyWeatherTests;
				PRODUCT_NAME = "$(TARGET_NAME)";
				SWIFT_VERSION = 5.0;
				TARGETED_DEVICE_FAMILY = "1,2";
				TEST_HOST = "$(BUILT_PRODUCTS_DIR)/AnyWeather.app/AnyWeather";
			};
			name = Debug;
		};
		313A36A924889636008DCF68 /* Release */ = {
			isa = XCBuildConfiguration;
			baseConfigurationReference = D04EB52740524B2B3AA86F99 /* Pods-AnyWeatherTests.release.xcconfig */;
			buildSettings = {
				ALWAYS_EMBED_SWIFT_STANDARD_LIBRARIES = YES;
				BUNDLE_LOADER = "$(TEST_HOST)";
				CODE_SIGN_STYLE = Automatic;
				DEVELOPMENT_TEAM = P5P5399747;
				INFOPLIST_FILE = AnyWeatherTests/Info.plist;
				IPHONEOS_DEPLOYMENT_TARGET = 12.0;
				LD_RUNPATH_SEARCH_PATHS = (
					"$(inherited)",
					"@executable_path/Frameworks",
					"@loader_path/Frameworks",
				);
				PRODUCT_BUNDLE_IDENTIFIER = com.hanulyun.AnyWeatherTests;
				PRODUCT_NAME = "$(TARGET_NAME)";
				SWIFT_VERSION = 5.0;
				TARGETED_DEVICE_FAMILY = "1,2";
				TEST_HOST = "$(BUILT_PRODUCTS_DIR)/AnyWeather.app/AnyWeather";
			};
			name = Release;
		};
		313A36AB24889636008DCF68 /* Debug */ = {
			isa = XCBuildConfiguration;
			baseConfigurationReference = F0C5E732741A9AB98CD0241C /* Pods-AnyWeather-AnyWeatherUITests.debug.xcconfig */;
			buildSettings = {
				ALWAYS_EMBED_SWIFT_STANDARD_LIBRARIES = YES;
				CODE_SIGN_STYLE = Automatic;
				DEVELOPMENT_TEAM = P5P5399747;
				INFOPLIST_FILE = AnyWeatherUITests/Info.plist;
				LD_RUNPATH_SEARCH_PATHS = (
					"$(inherited)",
					"@executable_path/Frameworks",
					"@loader_path/Frameworks",
				);
				PRODUCT_BUNDLE_IDENTIFIER = com.hanulyun.AnyWeatherUITests;
				PRODUCT_NAME = "$(TARGET_NAME)";
				SWIFT_VERSION = 5.0;
				TARGETED_DEVICE_FAMILY = "1,2";
				TEST_TARGET_NAME = AnyWeather;
			};
			name = Debug;
		};
		313A36AC24889636008DCF68 /* Release */ = {
			isa = XCBuildConfiguration;
			baseConfigurationReference = BE5FAA68847E016F5A7F9787 /* Pods-AnyWeather-AnyWeatherUITests.release.xcconfig */;
			buildSettings = {
				ALWAYS_EMBED_SWIFT_STANDARD_LIBRARIES = YES;
				CODE_SIGN_STYLE = Automatic;
				DEVELOPMENT_TEAM = P5P5399747;
				INFOPLIST_FILE = AnyWeatherUITests/Info.plist;
				LD_RUNPATH_SEARCH_PATHS = (
					"$(inherited)",
					"@executable_path/Frameworks",
					"@loader_path/Frameworks",
				);
				PRODUCT_BUNDLE_IDENTIFIER = com.hanulyun.AnyWeatherUITests;
				PRODUCT_NAME = "$(TARGET_NAME)";
				SWIFT_VERSION = 5.0;
				TARGETED_DEVICE_FAMILY = "1,2";
				TEST_TARGET_NAME = AnyWeather;
			};
			name = Release;
		};
/* End XCBuildConfiguration section */

/* Begin XCConfigurationList section */
		313A367524889633008DCF68 /* Build configuration list for PBXProject "AnyWeather" */ = {
			isa = XCConfigurationList;
			buildConfigurations = (
				313A36A224889636008DCF68 /* Debug */,
				313A36A324889636008DCF68 /* Release */,
			);
			defaultConfigurationIsVisible = 0;
			defaultConfigurationName = Release;
		};
		313A36A424889636008DCF68 /* Build configuration list for PBXNativeTarget "AnyWeather" */ = {
			isa = XCConfigurationList;
			buildConfigurations = (
				313A36A524889636008DCF68 /* Debug */,
				313A36A624889636008DCF68 /* Release */,
			);
			defaultConfigurationIsVisible = 0;
			defaultConfigurationName = Release;
		};
		313A36A724889636008DCF68 /* Build configuration list for PBXNativeTarget "AnyWeatherTests" */ = {
			isa = XCConfigurationList;
			buildConfigurations = (
				313A36A824889636008DCF68 /* Debug */,
				313A36A924889636008DCF68 /* Release */,
			);
			defaultConfigurationIsVisible = 0;
			defaultConfigurationName = Release;
		};
		313A36AA24889636008DCF68 /* Build configuration list for PBXNativeTarget "AnyWeatherUITests" */ = {
			isa = XCConfigurationList;
			buildConfigurations = (
				313A36AB24889636008DCF68 /* Debug */,
				313A36AC24889636008DCF68 /* Release */,
			);
			defaultConfigurationIsVisible = 0;
			defaultConfigurationName = Release;
		};
/* End XCConfigurationList section */

/* Begin XCVersionGroup section */
		314A5B76248E01320090845A /* CoreWeather.xcdatamodeld */ = {
			isa = XCVersionGroup;
			children = (
				314A5B77248E01320090845A /* Weather.xcdatamodel */,
			);
			currentVersion = 314A5B77248E01320090845A /* Weather.xcdatamodel */;
			path = CoreWeather.xcdatamodeld;
			sourceTree = "<group>";
			versionGroupType = wrapper.xcdatamodel;
		};
/* End XCVersionGroup section */
	};
	rootObject = 313A367224889633008DCF68 /* Project object */;
}
